
Microsoft Visual Studio Solution File, Format Version 12.00
# Visual Studio Version 17
VisualStudioVersion = 17.6.33829.357
MinimumVisualStudioVersion = 10.0.40219.1
Project("{FAE04EC0-301F-11D3-BF4B-00C04F79EFBC}") = "CSharp_Bai13", "CSharp_Bai13.csproj", "{F4DCCFCE-BC10-4454-9857-313670E43C6C}"
EndProject
Global
	GlobalSection(SolutionConfigurationPlatforms) = preSolution
		Debug|Any CPU = Debug|Any CPU
		Release|Any CPU = Release|Any CPU
	EndGlobalSection
	GlobalSection(ProjectConfigurationPlatforms) = postSolution
		{F4DCCFCE-BC10-4454-9857-313670E43C6C}.Debug|Any CPU.ActiveCfg = Debug|Any CPU
		{F4DCCFCE-BC10-4454-9857-313670E43C6C}.Debug|Any CPU.Build.0 = Debug|Any CPU
		{F4DCCFCE-BC10-4454-9857-313670E43C6C}.Release|Any CPU.ActiveCfg = Release|Any CPU
		{F4DCCFCE-BC10-4454-9857-313670E43C6C}.Release|Any CPU.Build.0 = Release|Any CPU
	EndGlobalSection
	GlobalSection(SolutionProperties) = preSolution
		HideSolutionNode = FALSE
	EndGlobalSection
	GlobalSection(ExtensibilityGlobals) = postSolution
		SolutionGuid = {7ADB375C-0326-4927-915D-CFC037D230AF}
	EndGlobalSection
EndGlobal
